
Microsoft Visual Studio Solution File, Format Version 12.00
# Visual Studio Version 17
VisualStudioVersion = 17.7.34202.233
MinimumVisualStudioVersion = 10.0.40219.1
Project("{8BC9CEB8-8B4A-11D0-8D11-00A0C91BC942}") = "Dragonfly", "Dragonfly\Dragonfly.vcxproj", "{705E09D9-720A-4030-B995-56E26E7EA9DB}"
	ProjectSection(ProjectDependencies) = postProject
		{4999EBDC-801D-471D-8228-B69258DDE665} = {4999EBDC-801D-471D-8228-B69258DDE665}
		{6A47E73F-FA45-421E-AAD5-E11E22875AB6} = {6A47E73F-FA45-421E-AAD5-E11E22875AB6}
	EndProjectSection
EndProject
Project("{8BC9CEB8-8B4A-11D0-8D11-00A0C91BC942}") = "Testing", "Testing\Testing.vcxproj", "{F1600D99-436B-4F6E-957A-F72E1EFC8980}"
	ProjectSection(ProjectDependencies) = postProject
		{4999EBDC-801D-471D-8228-B69258DDE665} = {4999EBDC-801D-471D-8228-B69258DDE665}
		{6A47E73F-FA45-421E-AAD5-E11E22875AB6} = {6A47E73F-FA45-421E-AAD5-E11E22875AB6}
		{705E09D9-720A-4030-B995-56E26E7EA9DB} = {705E09D9-720A-4030-B995-56E26E7EA9DB}
	EndProjectSection
EndProject
Project("{8BC9CEB8-8B4A-11D0-8D11-00A0C91BC942}") = "UnitTesting", "UnitTesting\UnitTesting.vcxproj", "{13111797-D3C5-4C10-999D-20E9EFBE4394}"
EndProject
Project("{8BC9CEB8-8B4A-11D0-8D11-00A0C91BC942}") = "Dragonfly WinRT", "WinRT\WinRT.vcxproj", "{4999EBDC-801D-471D-8228-B69258DDE665}"
EndProject
Project("{8BC9CEB8-8B4A-11D0-8D11-00A0C91BC942}") = "Dragonfly SYCL", "DflSYCL\DflSYCL.vcxproj", "{6A47E73F-FA45-421E-AAD5-E11E22875AB6}"
EndProject
Global
	GlobalSection(SolutionConfigurationPlatforms) = preSolution
		Debug|ARM64 = Debug|ARM64
		Debug|x64 = Debug|x64
		Debug|x86 = Debug|x86
		Release|ARM64 = Release|ARM64
		Release|x64 = Release|x64
		Release|x86 = Release|x86
	EndGlobalSection
	GlobalSection(ProjectConfigurationPlatforms) = postSolution
		{705E09D9-720A-4030-B995-56E26E7EA9DB}.Debug|ARM64.ActiveCfg = Debug|x64
		{705E09D9-720A-4030-B995-56E26E7EA9DB}.Debug|ARM64.Build.0 = Debug|x64
		{705E09D9-720A-4030-B995-56E26E7EA9DB}.Debug|x64.ActiveCfg = Debug|x64
		{705E09D9-720A-4030-B995-56E26E7EA9DB}.Debug|x64.Build.0 = Debug|x64
		{705E09D9-720A-4030-B995-56E26E7EA9DB}.Debug|x86.ActiveCfg = Debug|Win32
		{705E09D9-720A-4030-B995-56E26E7EA9DB}.Debug|x86.Build.0 = Debug|Win32
		{705E09D9-720A-4030-B995-56E26E7EA9DB}.Release|ARM64.ActiveCfg = Release|x64
		{705E09D9-720A-4030-B995-56E26E7EA9DB}.Release|ARM64.Build.0 = Release|x64
		{705E09D9-720A-4030-B995-56E26E7EA9DB}.Release|x64.ActiveCfg = Release|x64
		{705E09D9-720A-4030-B995-56E26E7EA9DB}.Release|x64.Build.0 = Release|x64
		{705E09D9-720A-4030-B995-56E26E7EA9DB}.Release|x86.ActiveCfg = Release|Win32
		{705E09D9-720A-4030-B995-56E26E7EA9DB}.Release|x86.Build.0 = Release|Win32
		{F1600D99-436B-4F6E-957A-F72E1EFC8980}.Debug|ARM64.ActiveCfg = Debug|x64
		{F1600D99-436B-4F6E-957A-F72E1EFC8980}.Debug|ARM64.Build.0 = Debug|x64
		{F1600D99-436B-4F6E-957A-F72E1EFC8980}.Debug|x64.ActiveCfg = Debug|x64
		{F1600D99-436B-4F6E-957A-F72E1EFC8980}.Debug|x64.Build.0 = Debug|x64
		{F1600D99-436B-4F6E-957A-F72E1EFC8980}.Debug|x86.ActiveCfg = Debug|Win32
		{F1600D99-436B-4F6E-957A-F72E1EFC8980}.Debug|x86.Build.0 = Debug|Win32
		{F1600D99-436B-4F6E-957A-F72E1EFC8980}.Release|ARM64.ActiveCfg = Release|x64
		{F1600D99-436B-4F6E-957A-F72E1EFC8980}.Release|ARM64.Build.0 = Release|x64
		{F1600D99-436B-4F6E-957A-F72E1EFC8980}.Release|x64.ActiveCfg = Release|x64
		{F1600D99-436B-4F6E-957A-F72E1EFC8980}.Release|x64.Build.0 = Release|x64
		{F1600D99-436B-4F6E-957A-F72E1EFC8980}.Release|x86.ActiveCfg = Release|Win32
		{F1600D99-436B-4F6E-957A-F72E1EFC8980}.Release|x86.Build.0 = Release|Win32
		{13111797-D3C5-4C10-999D-20E9EFBE4394}.Debug|ARM64.ActiveCfg = Debug|x64
		{13111797-D3C5-4C10-999D-20E9EFBE4394}.Debug|ARM64.Build.0 = Debug|x64
		{13111797-D3C5-4C10-999D-20E9EFBE4394}.Debug|x64.ActiveCfg = Debug|x64
		{13111797-D3C5-4C10-999D-20E9EFBE4394}.Debug|x64.Build.0 = Debug|x64
		{13111797-D3C5-4C10-999D-20E9EFBE4394}.Debug|x86.ActiveCfg = Debug|Win32
		{13111797-D3C5-4C10-999D-20E9EFBE4394}.Debug|x86.Build.0 = Debug|Win32
		{13111797-D3C5-4C10-999D-20E9EFBE4394}.Release|ARM64.ActiveCfg = Release|x64
		{13111797-D3C5-4C10-999D-20E9EFBE4394}.Release|ARM64.Build.0 = Release|x64
		{13111797-D3C5-4C10-999D-20E9EFBE4394}.Release|x64.ActiveCfg = Release|x64
		{13111797-D3C5-4C10-999D-20E9EFBE4394}.Release|x64.Build.0 = Release|x64
		{13111797-D3C5-4C10-999D-20E9EFBE4394}.Release|x86.ActiveCfg = Release|Win32
		{13111797-D3C5-4C10-999D-20E9EFBE4394}.Release|x86.Build.0 = Release|Win32
		{4999EBDC-801D-471D-8228-B69258DDE665}.Debug|ARM64.ActiveCfg = Debug|x64
		{4999EBDC-801D-471D-8228-B69258DDE665}.Debug|ARM64.Build.0 = Debug|x64
		{4999EBDC-801D-471D-8228-B69258DDE665}.Debug|x64.ActiveCfg = Debug|x64
		{4999EBDC-801D-471D-8228-B69258DDE665}.Debug|x64.Build.0 = Debug|x64
		{4999EBDC-801D-471D-8228-B69258DDE665}.Debug|x86.ActiveCfg = Debug|Win32
		{4999EBDC-801D-471D-8228-B69258DDE665}.Debug|x86.Build.0 = Debug|Win32
		{4999EBDC-801D-471D-8228-B69258DDE665}.Release|ARM64.ActiveCfg = Release|x64
		{4999EBDC-801D-471D-8228-B69258DDE665}.Release|ARM64.Build.0 = Release|x64
		{4999EBDC-801D-471D-8228-B69258DDE665}.Release|x64.ActiveCfg = Release|x64
		{4999EBDC-801D-471D-8228-B69258DDE665}.Release|x64.Build.0 = Release|x64
		{4999EBDC-801D-471D-8228-B69258DDE665}.Release|x86.ActiveCfg = Release|Win32
		{4999EBDC-801D-471D-8228-B69258DDE665}.Release|x86.Build.0 = Release|Win32
		{6A47E73F-FA45-421E-AAD5-E11E22875AB6}.Debug|ARM64.ActiveCfg = Debug|x64
		{6A47E73F-FA45-421E-AAD5-E11E22875AB6}.Debug|ARM64.Build.0 = Debug|x64
		{6A47E73F-FA45-421E-AAD5-E11E22875AB6}.Debug|x64.ActiveCfg = Debug|x64
		{6A47E73F-FA45-421E-AAD5-E11E22875AB6}.Debug|x64.Build.0 = Debug|x64
		{6A47E73F-FA45-421E-AAD5-E11E22875AB6}.Debug|x86.ActiveCfg = Debug|x64
		{6A47E73F-FA45-421E-AAD5-E11E22875AB6}.Debug|x86.Build.0 = Debug|x64
		{6A47E73F-FA45-421E-AAD5-E11E22875AB6}.Release|ARM64.ActiveCfg = Release|x64
		{6A47E73F-FA45-421E-AAD5-E11E22875AB6}.Release|ARM64.Build.0 = Release|x64
		{6A47E73F-FA45-421E-AAD5-E11E22875AB6}.Release|x64.ActiveCfg = Release|x64
		{6A47E73F-FA45-421E-AAD5-E11E22875AB6}.Release|x64.Build.0 = Release|x64
		{6A47E73F-FA45-421E-AAD5-E11E22875AB6}.Release|x86.ActiveCfg = Release|x64
		{6A47E73F-FA45-421E-AAD5-E11E22875AB6}.Release|x86.Build.0 = Release|x64
	EndGlobalSection
	GlobalSection(SolutionProperties) = preSolution
		HideSolutionNode = FALSE
	EndGlobalSection
	GlobalSection(ExtensibilityGlobals) = postSolution
		SolutionGuid = {C24B3CAB-1968-47A7-9695-135F7EE9E26E}
	EndGlobalSection
EndGlobal
