<?xml version="1.0" encoding="utf-8"?>
<Project ToolsVersion="4.0" xmlns="http://schemas.microsoft.com/developer/msbuild/2003">
  <ItemGroup>
    <Filter Include="Source Files">
      <UniqueIdentifier>{4FC737F1-C7A5-4376-A066-2A32D752A2FF}</UniqueIdentifier>
      <Extensions>cpp;c;cc;cxx;c++;cppm;ixx;def;odl;idl;hpj;bat;asm;asmx</Extensions>
    </Filter>
    <Filter Include="Header Files">
      <UniqueIdentifier>{93995380-89BD-4b04-88EB-625FBE52EBFB}</UniqueIdentifier>
      <Extensions>h;hh;hpp;hxx;h++;hm;inl;inc;ipp;xsd</Extensions>
    </Filter>
    <Filter Include="Resource Files">
      <UniqueIdentifier>{67DA6AB6-F800-4c08-8B7A-83BB121AAD01}</UniqueIdentifier>
      <Extensions>rc;ico;cur;bmp;dlg;rc2;rct;bin;rgs;gif;jpg;jpeg;jpe;resx;tiff;tif;png;wav;mfcribbon-ms</Extensions>
    </Filter>
    <Filter Include="Source Files\Dragonfly">
      <UniqueIdentifier>{3a30b6b1-6e83-4291-98d5-75e227faf4f1}</UniqueIdentifier>
    </Filter>
    <Filter Include="Source Files\Dragonfly\Hardware">
      <UniqueIdentifier>{0077fbfc-f586-419a-b0af-c5ff90262463}</UniqueIdentifier>
    </Filter>
    <Filter Include="Source Files\Dragonfly\Observer">
      <UniqueIdentifier>{12efcdcd-0606-45d4-bb47-0b7693db6943}</UniqueIdentifier>
    </Filter>
    <Filter Include="Source Files\Dragonfly\Graphics">
      <UniqueIdentifier>{637c469c-d036-4a27-b310-a9b7a22b1501}</UniqueIdentifier>
    </Filter>
    <Filter Include="Shaders">
      <UniqueIdentifier>{8d9ea47c-f60f-47fd-970d-e717883706d9}</UniqueIdentifier>
    </Filter>
  </ItemGroup>
  <ItemGroup>
    <ClCompile Include="Dragonfly.Observer-Window.ixx">
      <Filter>Source Files\Dragonfly\Observer</Filter>
    </ClCompile>
    <ClCompile Include="Dragonfly.Hardware.ixx">
      <Filter>Source Files\Dragonfly</Filter>
    </ClCompile>
    <ClCompile Include="Dragonfly.Hardware-Session.cxx">
      <Filter>Source Files\Dragonfly\Hardware</Filter>
    </ClCompile>
    <ClCompile Include="Dragonfly.Hardware-Session.ixx">
      <Filter>Source Files\Dragonfly\Hardware</Filter>
    </ClCompile>
    <ClCompile Include="Dragonfly.Observer.ixx">
      <Filter>Source Files\Dragonfly</Filter>
    </ClCompile>
    <ClCompile Include="Dragonfly.ixx">
      <Filter>Source Files</Filter>
    </ClCompile>
    <ClCompile Include="Dragonfly.Observer-Window.cxx">
      <Filter>Source Files\Dragonfly\Observer</Filter>
    </ClCompile>
    <ClCompile Include="Dragonfly.Graphics.ixx">
      <Filter>Source Files\Dragonfly</Filter>
    </ClCompile>
    <ClCompile Include="Dragonfly.Graphics-Image.ixx">
      <Filter>Source Files\Dragonfly\Graphics</Filter>
    </ClCompile>
    <ClCompile Include="Dragonfly.Graphics-Image.cxx">
      <Filter>Source Files\Dragonfly\Graphics</Filter>
    </ClCompile>
    <ClCompile Include="Dragonfly.Graphics-Space.ixx">
      <Filter>Source Files\Dragonfly\Graphics</Filter>
    </ClCompile>
    <ClCompile Include="Dragonfly.Graphics-Space.cxx">
      <Filter>Source Files\Dragonfly\Graphics</Filter>
    </ClCompile>
  </ItemGroup>
  <ItemGroup>
    <ClInclude Include="Dragonfly.h">
      <Filter>Header Files</Filter>
    </ClInclude>
  </ItemGroup>
  <ItemGroup>
    <FxCompile Include="Shaders\TestVertexShader.hlsl">
      <Filter>Shaders</Filter>
    </FxCompile>
    <FxCompile Include="Shaders\TestFragShader.hlsl">
      <Filter>Shaders</Filter>
    </FxCompile>
  </ItemGroup>
</Project>